
Microsoft Visual Studio Solution File, Format Version 12.00
# Visual Studio Version 16
VisualStudioVersion = 16.0.31105.61
MinimumVisualStudioVersion = 10.0.40219.1
Project("{9A19103F-16F7-4668-BE54-9A1E7A4F7556}") = "LambdaUnitTestExample", "LambdaUnitTestExample\LambdaUnitTestExample.csproj", "{2AA505F7-D7BC-4D61-9D71-848B23C5CC97}"
EndProject
Project("{9A19103F-16F7-4668-BE54-9A1E7A4F7556}") = "LambdaUnitTestExample.Tests", "LambdaUnitTestExample.Tests\LambdaUnitTestExample.Tests.csproj", "{73C9CD29-A068-48B4-97C3-D385EB03219E}"
EndProject
Global
	GlobalSection(SolutionConfigurationPlatforms) = preSolution
		Debug|Any CPU = Debug|Any CPU
		Release|Any CPU = Release|Any CPU
	EndGlobalSection
	GlobalSection(ProjectConfigurationPlatforms) = postSolution
		{2AA505F7-D7BC-4D61-9D71-848B23C5CC97}.Debug|Any CPU.ActiveCfg = Debug|Any CPU
		{2AA505F7-D7BC-4D61-9D71-848B23C5CC97}.Debug|Any CPU.Build.0 = Debug|Any CPU
		{2AA505F7-D7BC-4D61-9D71-848B23C5CC97}.Release|Any CPU.ActiveCfg = Release|Any CPU
		{2AA505F7-D7BC-4D61-9D71-848B23C5CC97}.Release|Any CPU.Build.0 = Release|Any CPU
		{73C9CD29-A068-48B4-97C3-D385EB03219E}.Debug|Any CPU.ActiveCfg = Debug|Any CPU
		{73C9CD29-A068-48B4-97C3-D385EB03219E}.Debug|Any CPU.Build.0 = Debug|Any CPU
		{73C9CD29-A068-48B4-97C3-D385EB03219E}.Release|Any CPU.ActiveCfg = Release|Any CPU
		{73C9CD29-A068-48B4-97C3-D385EB03219E}.Release|Any CPU.Build.0 = Release|Any CPU
	EndGlobalSection
	GlobalSection(SolutionProperties) = preSolution
		HideSolutionNode = FALSE
	EndGlobalSection
	GlobalSection(ExtensibilityGlobals) = postSolution
		SolutionGuid = {50FF0BD1-3F30-480A-A8CA-EAB346BFCE5A}
	EndGlobalSection
EndGlobal
